
Microsoft Visual Studio Solution File, Format Version 12.00
# Visual Studio Version 16
VisualStudioVersion = 16.0.31624.102
MinimumVisualStudioVersion = 10.0.40219.1
Project("{FAE04EC0-301F-11D3-BF4B-00C04F79EFBC}") = "Culbertson_SportingForm", "Culbertson_SportingForm\Culbertson_SportingForm.csproj", "{4B4E90EC-FABA-4A86-9CA6-250A144CB5DE}"
EndProject
Global
	GlobalSection(SolutionConfigurationPlatforms) = preSolution
		Debug|Any CPU = Debug|Any CPU
		Release|Any CPU = Release|Any CPU
	EndGlobalSection
	GlobalSection(ProjectConfigurationPlatforms) = postSolution
		{4B4E90EC-FABA-4A86-9CA6-250A144CB5DE}.Debug|Any CPU.ActiveCfg = Debug|Any CPU
		{4B4E90EC-FABA-4A86-9CA6-250A144CB5DE}.Debug|Any CPU.Build.0 = Debug|Any CPU
		{4B4E90EC-FABA-4A86-9CA6-250A144CB5DE}.Release|Any CPU.ActiveCfg = Release|Any CPU
		{4B4E90EC-FABA-4A86-9CA6-250A144CB5DE}.Release|Any CPU.Build.0 = Release|Any CPU
	EndGlobalSection
	GlobalSection(SolutionProperties) = preSolution
		HideSolutionNode = FALSE
	EndGlobalSection
	GlobalSection(ExtensibilityGlobals) = postSolution
		SolutionGuid = {22A21601-662D-4C0B-B468-15D0C61DDE04}
	EndGlobalSection
EndGlobal
